
Microsoft Visual Studio Solution File, Format Version 12.00
# Visual Studio 15
VisualStudioVersion = 15.0.28307.271
MinimumVisualStudioVersion = 10.0.40219.1
Project("{FAE04EC0-301F-11D3-BF4B-00C04F79EFBC}") = "test", "test\test.csproj", "{A8E278A0-F5FB-45BC-8277-D6092E583C1B}"
EndProject
Global
	GlobalSection(SolutionConfigurationPlatforms) = preSolution
		Debug|Any CPU = Debug|Any CPU
		Release|Any CPU = Release|Any CPU
	EndGlobalSection
	GlobalSection(ProjectConfigurationPlatforms) = postSolution
		{A8E278A0-F5FB-45BC-8277-D6092E583C1B}.Debug|Any CPU.ActiveCfg = Debug|Any CPU
		{A8E278A0-F5FB-45BC-8277-D6092E583C1B}.Debug|Any CPU.Build.0 = Debug|Any CPU
		{A8E278A0-F5FB-45BC-8277-D6092E583C1B}.Release|Any CPU.ActiveCfg = Release|Any CPU
		{A8E278A0-F5FB-45BC-8277-D6092E583C1B}.Release|Any CPU.Build.0 = Release|Any CPU
	EndGlobalSection
	GlobalSection(SolutionProperties) = preSolution
		HideSolutionNode = FALSE
	EndGlobalSection
	GlobalSection(ExtensibilityGlobals) = postSolution
		SolutionGuid = {B9AFB08E-41B8-4CE1-8F41-55D082332EF1}
	EndGlobalSection
EndGlobal
